
Microsoft Visual Studio Solution File, Format Version 12.00
# Visual Studio 2012
Project("{FAE04EC0-301F-11D3-BF4B-00C04F79EFBC}") = "crearxml", "crearxml\crearxml.csproj", "{F480FFE1-1E6E-4A66-9D75-37D15F0960F9}"
EndProject
Global
	GlobalSection(SolutionConfigurationPlatforms) = preSolution
		Debug|Any CPU = Debug|Any CPU
		Release|Any CPU = Release|Any CPU
	EndGlobalSection
	GlobalSection(ProjectConfigurationPlatforms) = postSolution
		{F480FFE1-1E6E-4A66-9D75-37D15F0960F9}.Debug|Any CPU.ActiveCfg = Debug|Any CPU
		{F480FFE1-1E6E-4A66-9D75-37D15F0960F9}.Debug|Any CPU.Build.0 = Debug|Any CPU
		{F480FFE1-1E6E-4A66-9D75-37D15F0960F9}.Release|Any CPU.ActiveCfg = Release|Any CPU
		{F480FFE1-1E6E-4A66-9D75-37D15F0960F9}.Release|Any CPU.Build.0 = Release|Any CPU
	EndGlobalSection
	GlobalSection(SolutionProperties) = preSolution
		HideSolutionNode = FALSE
	EndGlobalSection
EndGlobal
