
Microsoft Visual Studio Solution File, Format Version 12.00
# Visual Studio 2012
Project("{FAE04EC0-301F-11D3-BF4B-00C04F79EFBC}") = "GeneradorDeCuestionariosJSON", "GeneradorDeCuestionariosJSON\GeneradorDeCuestionariosJSON.csproj", "{6DA313EA-84B0-4B57-B298-799EE2735751}"
EndProject
Global
	GlobalSection(SolutionConfigurationPlatforms) = preSolution
		Debug|Any CPU = Debug|Any CPU
		Release|Any CPU = Release|Any CPU
	EndGlobalSection
	GlobalSection(ProjectConfigurationPlatforms) = postSolution
		{6DA313EA-84B0-4B57-B298-799EE2735751}.Debug|Any CPU.ActiveCfg = Debug|Any CPU
		{6DA313EA-84B0-4B57-B298-799EE2735751}.Debug|Any CPU.Build.0 = Debug|Any CPU
		{6DA313EA-84B0-4B57-B298-799EE2735751}.Release|Any CPU.ActiveCfg = Release|Any CPU
		{6DA313EA-84B0-4B57-B298-799EE2735751}.Release|Any CPU.Build.0 = Release|Any CPU
	EndGlobalSection
	GlobalSection(SolutionProperties) = preSolution
		HideSolutionNode = FALSE
	EndGlobalSection
EndGlobal
